// !$*UTF8*$!
{
	archiveVersion = 1;
	classes = {
	};
	objectVersion = 50;
	objects = {

/* Begin PBXBuildFile section */
		E984A22F26DE607000B5B750 /* AppDelegate.swift in Sources */ = {isa = PBXBuildFile; fileRef = E984A22E26DE607000B5B750 /* AppDelegate.swift */; };
		E984A23126DE607000B5B750 /* SceneDelegate.swift in Sources */ = {isa = PBXBuildFile; fileRef = E984A23026DE607000B5B750 /* SceneDelegate.swift */; };
		E984A23326DE607000B5B750 /* ViewController.swift in Sources */ = {isa = PBXBuildFile; fileRef = E984A23226DE607000B5B750 /* ViewController.swift */; };
		E984A23626DE607000B5B750 /* Main.storyboard in Resources */ = {isa = PBXBuildFile; fileRef = E984A23426DE607000B5B750 /* Main.storyboard */; };
		E984A23826DE607100B5B750 /* Assets.xcassets in Resources */ = {isa = PBXBuildFile; fileRef = E984A23726DE607100B5B750 /* Assets.xcassets */; };
		E984A23B26DE607100B5B750 /* LaunchScreen.storyboard in Resources */ = {isa = PBXBuildFile; fileRef = E984A23926DE607100B5B750 /* LaunchScreen.storyboard */; };
		E984A24626DE607100B5B750 /* Virtual_Ape_roTests.swift in Sources */ = {isa = PBXBuildFile; fileRef = E984A24526DE607100B5B750 /* Virtual_Ape_roTests.swift */; };
		E984A25126DE607100B5B750 /* Virtual_Ape_roUITests.swift in Sources */ = {isa = PBXBuildFile; fileRef = E984A25026DE607100B5B750 /* Virtual_Ape_roUITests.swift */; };
/* End PBXBuildFile section */

/* Begin PBXContainerItemProxy section */
		E984A24226DE607100B5B750 /* PBXContainerItemProxy */ = {
			isa = PBXContainerItemProxy;
			containerPortal = E984A22326DE607000B5B750 /* Project object */;
			proxyType = 1;
			remoteGlobalIDString = E984A22A26DE607000B5B750;
			remoteInfo = "Virtual-Apèro";
		};
		E984A24D26DE607100B5B750 /* PBXContainerItemProxy */ = {
			isa = PBXContainerItemProxy;
			containerPortal = E984A22326DE607000B5B750 /* Project object */;
			proxyType = 1;
			remoteGlobalIDString = E984A22A26DE607000B5B750;
			remoteInfo = "Virtual-Apèro";
		};
/* End PBXContainerItemProxy section */

/* Begin PBXFileReference section */
		E984A22B26DE607000B5B750 /* Virtual-Apèro.app */ = {isa = PBXFileReference; explicitFileType = wrapper.application; includeInIndex = 0; path = "Virtual-Apèro.app"; sourceTree = BUILT_PRODUCTS_DIR; };
		E984A22E26DE607000B5B750 /* AppDelegate.swift */ = {isa = PBXFileReference; lastKnownFileType = sourcecode.swift; path = AppDelegate.swift; sourceTree = "<group>"; };
		E984A23026DE607000B5B750 /* SceneDelegate.swift */ = {isa = PBXFileReference; lastKnownFileType = sourcecode.swift; path = SceneDelegate.swift; sourceTree = "<group>"; };
		E984A23226DE607000B5B750 /* ViewController.swift */ = {isa = PBXFileReference; lastKnownFileType = sourcecode.swift; path = ViewController.swift; sourceTree = "<group>"; };
		E984A23526DE607000B5B750 /* Base */ = {isa = PBXFileReference; lastKnownFileType = file.storyboard; name = Base; path = Base.lproj/Main.storyboard; sourceTree = "<group>"; };
		E984A23726DE607100B5B750 /* Assets.xcassets */ = {isa = PBXFileReference; lastKnownFileType = folder.assetcatalog; path = Assets.xcassets; sourceTree = "<group>"; };
		E984A23A26DE607100B5B750 /* Base */ = {isa = PBXFileReference; lastKnownFileType = file.storyboard; name = Base; path = Base.lproj/LaunchScreen.storyboard; sourceTree = "<group>"; };
		E984A23C26DE607100B5B750 /* Info.plist */ = {isa = PBXFileReference; lastKnownFileType = text.plist.xml; path = Info.plist; sourceTree = "<group>"; };
		E984A24126DE607100B5B750 /* Virtual-ApèroTests.xctest */ = {isa = PBXFileReference; explicitFileType = wrapper.cfbundle; includeInIndex = 0; path = "Virtual-ApèroTests.xctest"; sourceTree = BUILT_PRODUCTS_DIR; };
		E984A24526DE607100B5B750 /* Virtual_Ape_roTests.swift */ = {isa = PBXFileReference; lastKnownFileType = sourcecode.swift; path = Virtual_Ape_roTests.swift; sourceTree = "<group>"; };
		E984A24726DE607100B5B750 /* Info.plist */ = {isa = PBXFileReference; lastKnownFileType = text.plist.xml; path = Info.plist; sourceTree = "<group>"; };
		E984A24C26DE607100B5B750 /* Virtual-ApèroUITests.xctest */ = {isa = PBXFileReference; explicitFileType = wrapper.cfbundle; includeInIndex = 0; path = "Virtual-ApèroUITests.xctest"; sourceTree = BUILT_PRODUCTS_DIR; };
		E984A25026DE607100B5B750 /* Virtual_Ape_roUITests.swift */ = {isa = PBXFileReference; lastKnownFileType = sourcecode.swift; path = Virtual_Ape_roUITests.swift; sourceTree = "<group>"; };
		E984A25226DE607100B5B750 /* Info.plist */ = {isa = PBXFileReference; lastKnownFileType = text.plist.xml; path = Info.plist; sourceTree = "<group>"; };
/* End PBXFileReference section */

/* Begin PBXFrameworksBuildPhase section */
		E984A22826DE607000B5B750 /* Frameworks */ = {
			isa = PBXFrameworksBuildPhase;
			buildActionMask = 2147483647;
			files = (
			);
			runOnlyForDeploymentPostprocessing = 0;
		};
		E984A23E26DE607100B5B750 /* Frameworks */ = {
			isa = PBXFrameworksBuildPhase;
			buildActionMask = 2147483647;
			files = (
			);
			runOnlyForDeploymentPostprocessing = 0;
		};
		E984A24926DE607100B5B750 /* Frameworks */ = {
			isa = PBXFrameworksBuildPhase;
			buildActionMask = 2147483647;
			files = (
			);
			runOnlyForDeploymentPostprocessing = 0;
		};
/* End PBXFrameworksBuildPhase section */

/* Begin PBXGroup section */
		E984A22226DE607000B5B750 = {
			isa = PBXGroup;
			children = (
				E984A22D26DE607000B5B750 /* Virtual-Apèro */,
				E984A24426DE607100B5B750 /* Virtual-ApèroTests */,
				E984A24F26DE607100B5B750 /* Virtual-ApèroUITests */,
				E984A22C26DE607000B5B750 /* Products */,
			);
			sourceTree = "<group>";
		};
		E984A22C26DE607000B5B750 /* Products */ = {
			isa = PBXGroup;
			children = (
				E984A22B26DE607000B5B750 /* Virtual-Apèro.app */,
				E984A24126DE607100B5B750 /* Virtual-ApèroTests.xctest */,
				E984A24C26DE607100B5B750 /* Virtual-ApèroUITests.xctest */,
			);
			name = Products;
			sourceTree = "<group>";
		};
		E984A22D26DE607000B5B750 /* Virtual-Apèro */ = {
			isa = PBXGroup;
			children = (
				E984A22E26DE607000B5B750 /* AppDelegate.swift */,
				E984A23026DE607000B5B750 /* SceneDelegate.swift */,
				E984A23226DE607000B5B750 /* ViewController.swift */,
				E984A23426DE607000B5B750 /* Main.storyboard */,
				E984A23726DE607100B5B750 /* Assets.xcassets */,
				E984A23926DE607100B5B750 /* LaunchScreen.storyboard */,
				E984A23C26DE607100B5B750 /* Info.plist */,
			);
			path = "Virtual-Apèro";
			sourceTree = "<group>";
		};
		E984A24426DE607100B5B750 /* Virtual-ApèroTests */ = {
			isa = PBXGroup;
			children = (
				E984A24526DE607100B5B750 /* Virtual_Ape_roTests.swift */,
				E984A24726DE607100B5B750 /* Info.plist */,
			);
			path = "Virtual-ApèroTests";
			sourceTree = "<group>";
		};
		E984A24F26DE607100B5B750 /* Virtual-ApèroUITests */ = {
			isa = PBXGroup;
			children = (
				E984A25026DE607100B5B750 /* Virtual_Ape_roUITests.swift */,
				E984A25226DE607100B5B750 /* Info.plist */,
			);
			path = "Virtual-ApèroUITests";
			sourceTree = "<group>";
		};
/* End PBXGroup section */

/* Begin PBXNativeTarget section */
		E984A22A26DE607000B5B750 /* Virtual-Apèro */ = {
			isa = PBXNativeTarget;
			buildConfigurationList = E984A25526DE607100B5B750 /* Build configuration list for PBXNativeTarget "Virtual-Apèro" */;
			buildPhases = (
				E984A22726DE607000B5B750 /* Sources */,
				E984A22826DE607000B5B750 /* Frameworks */,
				E984A22926DE607000B5B750 /* Resources */,
			);
			buildRules = (
			);
			dependencies = (
			);
			name = "Virtual-Apèro";
			productName = "Virtual-Apèro";
			productReference = E984A22B26DE607000B5B750 /* Virtual-Apèro.app */;
			productType = "com.apple.product-type.application";
		};
		E984A24026DE607100B5B750 /* Virtual-ApèroTests */ = {
			isa = PBXNativeTarget;
			buildConfigurationList = E984A25826DE607100B5B750 /* Build configuration list for PBXNativeTarget "Virtual-ApèroTests" */;
			buildPhases = (
				E984A23D26DE607100B5B750 /* Sources */,
				E984A23E26DE607100B5B750 /* Frameworks */,
				E984A23F26DE607100B5B750 /* Resources */,
			);
			buildRules = (
			);
			dependencies = (
				E984A24326DE607100B5B750 /* PBXTargetDependency */,
			);
			name = "Virtual-ApèroTests";
			productName = "Virtual-ApèroTests";
			productReference = E984A24126DE607100B5B750 /* Virtual-ApèroTests.xctest */;
			productType = "com.apple.product-type.bundle.unit-test";
		};
		E984A24B26DE607100B5B750 /* Virtual-ApèroUITests */ = {
			isa = PBXNativeTarget;
			buildConfigurationList = E984A25B26DE607100B5B750 /* Build configuration list for PBXNativeTarget "Virtual-ApèroUITests" */;
			buildPhases = (
				E984A24826DE607100B5B750 /* Sources */,
				E984A24926DE607100B5B750 /* Frameworks */,
				E984A24A26DE607100B5B750 /* Resources */,
			);
			buildRules = (
			);
			dependencies = (
				E984A24E26DE607100B5B750 /* PBXTargetDependency */,
			);
			name = "Virtual-ApèroUITests";
			productName = "Virtual-ApèroUITests";
			productReference = E984A24C26DE607100B5B750 /* Virtual-ApèroUITests.xctest */;
			productType = "com.apple.product-type.bundle.ui-testing";
		};
/* End PBXNativeTarget section */

/* Begin PBXProject section */
		E984A22326DE607000B5B750 /* Project object */ = {
			isa = PBXProject;
			attributes = {
				LastSwiftUpdateCheck = 1250;
				LastUpgradeCheck = 1250;
				TargetAttributes = {
					E984A22A26DE607000B5B750 = {
						CreatedOnToolsVersion = 12.5.1;
					};
					E984A24026DE607100B5B750 = {
						CreatedOnToolsVersion = 12.5.1;
						TestTargetID = E984A22A26DE607000B5B750;
					};
					E984A24B26DE607100B5B750 = {
						CreatedOnToolsVersion = 12.5.1;
						TestTargetID = E984A22A26DE607000B5B750;
					};
				};
			};
			buildConfigurationList = E984A22626DE607000B5B750 /* Build configuration list for PBXProject "Virtual-Apèro" */;
			compatibilityVersion = "Xcode 9.3";
			developmentRegion = en;
			hasScannedForEncodings = 0;
			knownRegions = (
				en,
				Base,
			);
			mainGroup = E984A22226DE607000B5B750;
			productRefGroup = E984A22C26DE607000B5B750 /* Products */;
			projectDirPath = "";
			projectRoot = "";
			targets = (
				E984A22A26DE607000B5B750 /* Virtual-Apèro */,
				E984A24026DE607100B5B750 /* Virtual-ApèroTests */,
				E984A24B26DE607100B5B750 /* Virtual-ApèroUITests */,
			);
		};
/* End PBXProject section */

/* Begin PBXResourcesBuildPhase section */
		E984A22926DE607000B5B750 /* Resources */ = {
			isa = PBXResourcesBuildPhase;
			buildActionMask = 2147483647;
			files = (
				E984A23B26DE607100B5B750 /* LaunchScreen.storyboard in Resources */,
				E984A23826DE607100B5B750 /* Assets.xcassets in Resources */,
				E984A23626DE607000B5B750 /* Main.storyboard in Resources */,
			);
			runOnlyForDeploymentPostprocessing = 0;
		};
		E984A23F26DE607100B5B750 /* Resources */ = {
			isa = PBXResourcesBuildPhase;
			buildActionMask = 2147483647;
			files = (
			);
			runOnlyForDeploymentPostprocessing = 0;
		};
		E984A24A26DE607100B5B750 /* Resources */ = {
			isa = PBXResourcesBuildPhase;
			buildActionMask = 2147483647;
			files = (
			);
			runOnlyForDeploymentPostprocessing = 0;
		};
/* End PBXResourcesBuildPhase section */

/* Begin PBXSourcesBuildPhase section */
		E984A22726DE607000B5B750 /* Sources */ = {
			isa = PBXSourcesBuildPhase;
			buildActionMask = 2147483647;
			files = (
				E984A23326DE607000B5B750 /* ViewController.swift in Sources */,
				E984A22F26DE607000B5B750 /* AppDelegate.swift in Sources */,
				E984A23126DE607000B5B750 /* SceneDelegate.swift in Sources */,
			);
			runOnlyForDeploymentPostprocessing = 0;
		};
		E984A23D26DE607100B5B750 /* Sources */ = {
			isa = PBXSourcesBuildPhase;
			buildActionMask = 2147483647;
			files = (
				E984A24626DE607100B5B750 /* Virtual_Ape_roTests.swift in Sources */,
			);
			runOnlyForDeploymentPostprocessing = 0;
		};
		E984A24826DE607100B5B750 /* Sources */ = {
			isa = PBXSourcesBuildPhase;
			buildActionMask = 2147483647;
			files = (
				E984A25126DE607100B5B750 /* Virtual_Ape_roUITests.swift in Sources */,
			);
			runOnlyForDeploymentPostprocessing = 0;
		};
/* End PBXSourcesBuildPhase section */

/* Begin PBXTargetDependency section */
		E984A24326DE607100B5B750 /* PBXTargetDependency */ = {
			isa = PBXTargetDependency;
			target = E984A22A26DE607000B5B750 /* Virtual-Apèro */;
			targetProxy = E984A24226DE607100B5B750 /* PBXContainerItemProxy */;
		};
		E984A24E26DE607100B5B750 /* PBXTargetDependency */ = {
			isa = PBXTargetDependency;
			target = E984A22A26DE607000B5B750 /* Virtual-Apèro */;
			targetProxy = E984A24D26DE607100B5B750 /* PBXContainerItemProxy */;
		};
/* End PBXTargetDependency section */

/* Begin PBXVariantGroup section */
		E984A23426DE607000B5B750 /* Main.storyboard */ = {
			isa = PBXVariantGroup;
			children = (
				E984A23526DE607000B5B750 /* Base */,
			);
			name = Main.storyboard;
			sourceTree = "<group>";
		};
		E984A23926DE607100B5B750 /* LaunchScreen.storyboard */ = {
			isa = PBXVariantGroup;
			children = (
				E984A23A26DE607100B5B750 /* Base */,
			);
			name = LaunchScreen.storyboard;
			sourceTree = "<group>";
		};
/* End PBXVariantGroup section */

/* Begin XCBuildConfiguration section */
		E984A25326DE607100B5B750 /* Debug */ = {
			isa = XCBuildConfiguration;
			buildSettings = {
				ALWAYS_SEARCH_USER_PATHS = NO;
				CLANG_ANALYZER_NONNULL = YES;
				CLANG_ANALYZER_NUMBER_OBJECT_CONVERSION = YES_AGGRESSIVE;
				CLANG_CXX_LANGUAGE_STANDARD = "gnu++14";
				CLANG_CXX_LIBRARY = "libc++";
				CLANG_ENABLE_MODULES = YES;
				CLANG_ENABLE_OBJC_ARC = YES;
				CLANG_ENABLE_OBJC_WEAK = YES;
				CLANG_WARN_BLOCK_CAPTURE_AUTORELEASING = YES;
				CLANG_WARN_BOOL_CONVERSION = YES;
				CLANG_WARN_COMMA = YES;
				CLANG_WARN_CONSTANT_CONVERSION = YES;
				CLANG_WARN_DEPRECATED_OBJC_IMPLEMENTATIONS = YES;
				CLANG_WARN_DIRECT_OBJC_ISA_USAGE = YES_ERROR;
				CLANG_WARN_DOCUMENTATION_COMMENTS = YES;
				CLANG_WARN_EMPTY_BODY = YES;
				CLANG_WARN_ENUM_CONVERSION = YES;
				CLANG_WARN_INFINITE_RECURSION = YES;
				CLANG_WARN_INT_CONVERSION = YES;
				CLANG_WARN_NON_LITERAL_NULL_CONVERSION = YES;
				CLANG_WARN_OBJC_IMPLICIT_RETAIN_SELF = YES;
				CLANG_WARN_OBJC_LITERAL_CONVERSION = YES;
				CLANG_WARN_OBJC_ROOT_CLASS = YES_ERROR;
				CLANG_WARN_QUOTED_INCLUDE_IN_FRAMEWORK_HEADER = YES;
				CLANG_WARN_RANGE_LOOP_ANALYSIS = YES;
				CLANG_WARN_STRICT_PROTOTYPES = YES;
				CLANG_WARN_SUSPICIOUS_MOVE = YES;
				CLANG_WARN_UNGUARDED_AVAILABILITY = YES_AGGRESSIVE;
				CLANG_WARN_UNREACHABLE_CODE = YES;
				CLANG_WARN__DUPLICATE_METHOD_MATCH = YES;
				COPY_PHASE_STRIP = NO;
				DEBUG_INFORMATION_FORMAT = dwarf;
				ENABLE_STRICT_OBJC_MSGSEND = YES;
				ENABLE_TESTABILITY = YES;
				GCC_C_LANGUAGE_STANDARD = gnu11;
				GCC_DYNAMIC_NO_PIC = NO;
				GCC_NO_COMMON_BLOCKS = YES;
				GCC_OPTIMIZATION_LEVEL = 0;
				GCC_PREPROCESSOR_DEFINITIONS = (
					"DEBUG=1",
					"$(inherited)",
				);
				GCC_WARN_64_TO_32_BIT_CONVERSION = YES;
				GCC_WARN_ABOUT_RETURN_TYPE = YES_ERROR;
				GCC_WARN_UNDECLARED_SELECTOR = YES;
				GCC_WARN_UNINITIALIZED_AUTOS = YES_AGGRESSIVE;
				GCC_WARN_UNUSED_FUNCTION = YES;
				GCC_WARN_UNUSED_VARIABLE = YES;
				IPHONEOS_DEPLOYMENT_TARGET = 14.5;
				MTL_ENABLE_DEBUG_INFO = INCLUDE_SOURCE;
				MTL_FAST_MATH = YES;
				ONLY_ACTIVE_ARCH = YES;
				SDKROOT = iphoneos;
				SWIFT_ACTIVE_COMPILATION_CONDITIONS = DEBUG;
				SWIFT_OPTIMIZATION_LEVEL = "-Onone";
			};
			name = Debug;
		};
		E984A25426DE607100B5B750 /* Release */ = {
			isa = XCBuildConfiguration;
			buildSettings = {
				ALWAYS_SEARCH_USER_PATHS = NO;
				CLANG_ANALYZER_NONNULL = YES;
				CLANG_ANALYZER_NUMBER_OBJECT_CONVERSION = YES_AGGRESSIVE;
				CLANG_CXX_LANGUAGE_STANDARD = "gnu++14";
				CLANG_CXX_LIBRARY = "libc++";
				CLANG_ENABLE_MODULES = YES;
				CLANG_ENABLE_OBJC_ARC = YES;
				CLANG_ENABLE_OBJC_WEAK = YES;
				CLANG_WARN_BLOCK_CAPTURE_AUTORELEASING = YES;
				CLANG_WARN_BOOL_CONVERSION = YES;
				CLANG_WARN_COMMA = YES;
				CLANG_WARN_CONSTANT_CONVERSION = YES;
				CLANG_WARN_DEPRECATED_OBJC_IMPLEMENTATIONS = YES;
				CLANG_WARN_DIRECT_OBJC_ISA_USAGE = YES_ERROR;
				CLANG_WARN_DOCUMENTATION_COMMENTS = YES;
				CLANG_WARN_EMPTY_BODY = YES;
				CLANG_WARN_ENUM_CONVERSION = YES;
				CLANG_WARN_INFINITE_RECURSION = YES;
				CLANG_WARN_INT_CONVERSION = YES;
				CLANG_WARN_NON_LITERAL_NULL_CONVERSION = YES;
				CLANG_WARN_OBJC_IMPLICIT_RETAIN_SELF = YES;
				CLANG_WARN_OBJC_LITERAL_CONVERSION = YES;
				CLANG_WARN_OBJC_ROOT_CLASS = YES_ERROR;
				CLANG_WARN_QUOTED_INCLUDE_IN_FRAMEWORK_HEADER = YES;
				CLANG_WARN_RANGE_LOOP_ANALYSIS = YES;
				CLANG_WARN_STRICT_PROTOTYPES = YES;
				CLANG_WARN_SUSPICIOUS_MOVE = YES;
				CLANG_WARN_UNGUARDED_AVAILABILITY = YES_AGGRESSIVE;
				CLANG_WARN_UNREACHABLE_CODE = YES;
				CLANG_WARN__DUPLICATE_METHOD_MATCH = YES;
				COPY_PHASE_STRIP = NO;
				DEBUG_INFORMATION_FORMAT = "dwarf-with-dsym";
				ENABLE_NS_ASSERTIONS = NO;
				ENABLE_STRICT_OBJC_MSGSEND = YES;
				GCC_C_LANGUAGE_STANDARD = gnu11;
				GCC_NO_COMMON_BLOCKS = YES;
				GCC_WARN_64_TO_32_BIT_CONVERSION = YES;
				GCC_WARN_ABOUT_RETURN_TYPE = YES_ERROR;
				GCC_WARN_UNDECLARED_SELECTOR = YES;
				GCC_WARN_UNINITIALIZED_AUTOS = YES_AGGRESSIVE;
				GCC_WARN_UNUSED_FUNCTION = YES;
				GCC_WARN_UNUSED_VARIABLE = YES;
				IPHONEOS_DEPLOYMENT_TARGET = 14.5;
				MTL_ENABLE_DEBUG_INFO = NO;
				MTL_FAST_MATH = YES;
				SDKROOT = iphoneos;
				SWIFT_COMPILATION_MODE = wholemodule;
				SWIFT_OPTIMIZATION_LEVEL = "-O";
				VALIDATE_PRODUCT = YES;
			};
			name = Release;
		};
		E984A25626DE607100B5B750 /* Debug */ = {
			isa = XCBuildConfiguration;
			buildSettings = {
				ASSETCATALOG_COMPILER_APPICON_NAME = AppIcon;
				ASSETCATALOG_COMPILER_GLOBAL_ACCENT_COLOR_NAME = AccentColor;
				CODE_SIGN_STYLE = Automatic;
				DEVELOPMENT_TEAM = RL933PFAWK;
				INFOPLIST_FILE = "Virtual-Apèro/Info.plist";
				LD_RUNPATH_SEARCH_PATHS = (
					"$(inherited)",
					"@executable_path/Frameworks",
				);
				PRODUCT_BUNDLE_IDENTIFIER = "virtualapero.Virtual-Ape-ro";
				PRODUCT_NAME = "$(TARGET_NAME)";
				SWIFT_VERSION = 5.0;
				TARGETED_DEVICE_FAMILY = "1,2";
			};
			name = Debug;
		};
		E984A25726DE607100B5B750 /* Release */ = {
			isa = XCBuildConfiguration;
			buildSettings = {
				ASSETCATALOG_COMPILER_APPICON_NAME = AppIcon;
				ASSETCATALOG_COMPILER_GLOBAL_ACCENT_COLOR_NAME = AccentColor;
				CODE_SIGN_STYLE = Automatic;
				DEVELOPMENT_TEAM = RL933PFAWK;
				INFOPLIST_FILE = "Virtual-Apèro/Info.plist";
				LD_RUNPATH_SEARCH_PATHS = (
					"$(inherited)",
					"@executable_path/Frameworks",
				);
				PRODUCT_BUNDLE_IDENTIFIER = "virtualapero.Virtual-Ape-ro";
				PRODUCT_NAME = "$(TARGET_NAME)";
				SWIFT_VERSION = 5.0;
				TARGETED_DEVICE_FAMILY = "1,2";
			};
			name = Release;
		};
		E984A25926DE607100B5B750 /* Debug */ = {
			isa = XCBuildConfiguration;
			buildSettings = {
				ALWAYS_EMBED_SWIFT_STANDARD_LIBRARIES = YES;
				BUNDLE_LOADER = "$(TEST_HOST)";
				CODE_SIGN_STYLE = Automatic;
				DEVELOPMENT_TEAM = RL933PFAWK;
				INFOPLIST_FILE = "Virtual-ApèroTests/Info.plist";
				IPHONEOS_DEPLOYMENT_TARGET = 14.5;
				LD_RUNPATH_SEARCH_PATHS = (
					"$(inherited)",
					"@executable_path/Frameworks",
					"@loader_path/Frameworks",
				);
				PRODUCT_BUNDLE_IDENTIFIER = "virtualapero.Virtual-Ape-roTests";
				PRODUCT_NAME = "$(TARGET_NAME)";
				SWIFT_VERSION = 5.0;
				TARGETED_DEVICE_FAMILY = "1,2";
				TEST_HOST = "$(BUILT_PRODUCTS_DIR)/Virtual-Apèro.app/Virtual-Apèro";
			};
			name = Debug;
		};
		E984A25A26DE607100B5B750 /* Release */ = {
			isa = XCBuildConfiguration;
			buildSettings = {
				ALWAYS_EMBED_SWIFT_STANDARD_LIBRARIES = YES;
				BUNDLE_LOADER = "$(TEST_HOST)";
				CODE_SIGN_STYLE = Automatic;
				DEVELOPMENT_TEAM = RL933PFAWK;
				INFOPLIST_FILE = "Virtual-ApèroTests/Info.plist";
				IPHONEOS_DEPLOYMENT_TARGET = 14.5;
				LD_RUNPATH_SEARCH_PATHS = (
					"$(inherited)",
					"@executable_path/Frameworks",
					"@loader_path/Frameworks",
				);
				PRODUCT_BUNDLE_IDENTIFIER = "virtualapero.Virtual-Ape-roTests";
				PRODUCT_NAME = "$(TARGET_NAME)";
				SWIFT_VERSION = 5.0;
				TARGETED_DEVICE_FAMILY = "1,2";
				TEST_HOST = "$(BUILT_PRODUCTS_DIR)/Virtual-Apèro.app/Virtual-Apèro";
			};
			name = Release;
		};
		E984A25C26DE607100B5B750 /* Debug */ = {
			isa = XCBuildConfiguration;
			buildSettings = {
				ALWAYS_EMBED_SWIFT_STANDARD_LIBRARIES = YES;
				CODE_SIGN_STYLE = Automatic;
				DEVELOPMENT_TEAM = RL933PFAWK;
				INFOPLIST_FILE = "Virtual-ApèroUITests/Info.plist";
				LD_RUNPATH_SEARCH_PATHS = (
					"$(inherited)",
					"@executable_path/Frameworks",
					"@loader_path/Frameworks",
				);
				PRODUCT_BUNDLE_IDENTIFIER = "virtualapero.Virtual-Ape-roUITests";
				PRODUCT_NAME = "$(TARGET_NAME)";
				SWIFT_VERSION = 5.0;
				TARGETED_DEVICE_FAMILY = "1,2";
				TEST_TARGET_NAME = "Virtual-Apèro";
			};
			name = Debug;
		};
		E984A25D26DE607100B5B750 /* Release */ = {
			isa = XCBuildConfiguration;
			buildSettings = {
				ALWAYS_EMBED_SWIFT_STANDARD_LIBRARIES = YES;
				CODE_SIGN_STYLE = Automatic;
				DEVELOPMENT_TEAM = RL933PFAWK;
				INFOPLIST_FILE = "Virtual-ApèroUITests/Info.plist";
				LD_RUNPATH_SEARCH_PATHS = (
					"$(inherited)",
					"@executable_path/Frameworks",
					"@loader_path/Frameworks",
				);
				PRODUCT_BUNDLE_IDENTIFIER = "virtualapero.Virtual-Ape-roUITests";
				PRODUCT_NAME = "$(TARGET_NAME)";
				SWIFT_VERSION = 5.0;
				TARGETED_DEVICE_FAMILY = "1,2";
				TEST_TARGET_NAME = "Virtual-Apèro";
			};
			name = Release;
		};
/* End XCBuildConfiguration section */

/* Begin XCConfigurationList section */
		E984A22626DE607000B5B750 /* Build configuration list for PBXProject "Virtual-Apèro" */ = {
			isa = XCConfigurationList;
			buildConfigurations = (
				E984A25326DE607100B5B750 /* Debug */,
				E984A25426DE607100B5B750 /* Release */,
			);
			defaultConfigurationIsVisible = 0;
			defaultConfigurationName = Release;
		};
		E984A25526DE607100B5B750 /* Build configuration list for PBXNativeTarget "Virtual-Apèro" */ = {
			isa = XCConfigurationList;
			buildConfigurations = (
				E984A25626DE607100B5B750 /* Debug */,
				E984A25726DE607100B5B750 /* Release */,
			);
			defaultConfigurationIsVisible = 0;
			defaultConfigurationName = Release;
		};
		E984A25826DE607100B5B750 /* Build configuration list for PBXNativeTarget "Virtual-ApèroTests" */ = {
			isa = XCConfigurationList;
			buildConfigurations = (
				E984A25926DE607100B5B750 /* Debug */,
				E984A25A26DE607100B5B750 /* Release */,
			);
			defaultConfigurationIsVisible = 0;
			defaultConfigurationName = Release;
		};
		E984A25B26DE607100B5B750 /* Build configuration list for PBXNativeTarget "Virtual-ApèroUITests" */ = {
			isa = XCConfigurationList;
			buildConfigurations = (
				E984A25C26DE607100B5B750 /* Debug */,
				E984A25D26DE607100B5B750 /* Release */,
			);
			defaultConfigurationIsVisible = 0;
			defaultConfigurationName = Release;
		};
/* End XCConfigurationList section */
	};
	rootObject = E984A22326DE607000B5B750 /* Project object */;
}
